
Microsoft Visual Studio Solution File, Format Version 12.00
# Visual Studio Version 17
VisualStudioVersion = 17.4.33122.133
MinimumVisualStudioVersion = 10.0.40219.1
Project("{FAE04EC0-301F-11D3-BF4B-00C04F79EFBC}") = "Laboratorio", "Laboratorio\Laboratorio.csproj", "{261428E0-F2C2-4D80-A2F9-0707BE958E93}"
EndProject
Global
	GlobalSection(SolutionConfigurationPlatforms) = preSolution
		Debug|Any CPU = Debug|Any CPU
		Release|Any CPU = Release|Any CPU
	EndGlobalSection
	GlobalSection(ProjectConfigurationPlatforms) = postSolution
		{261428E0-F2C2-4D80-A2F9-0707BE958E93}.Debug|Any CPU.ActiveCfg = Debug|Any CPU
		{261428E0-F2C2-4D80-A2F9-0707BE958E93}.Debug|Any CPU.Build.0 = Debug|Any CPU
		{261428E0-F2C2-4D80-A2F9-0707BE958E93}.Release|Any CPU.ActiveCfg = Release|Any CPU
		{261428E0-F2C2-4D80-A2F9-0707BE958E93}.Release|Any CPU.Build.0 = Release|Any CPU
	EndGlobalSection
	GlobalSection(SolutionProperties) = preSolution
		HideSolutionNode = FALSE
	EndGlobalSection
	GlobalSection(ExtensibilityGlobals) = postSolution
		SolutionGuid = {356DBEA7-B41A-4428-AD01-DD30C5C4954B}
	EndGlobalSection
EndGlobal
